
Microsoft Visual Studio Solution File, Format Version 12.00
# Visual Studio 15
VisualStudioVersion = 15.0.27428.2027
MinimumVisualStudioVersion = 10.0.40219.1
Project("{FAE04EC0-301F-11D3-BF4B-00C04F79EFBC}") = "PIWorks", "PIWorks\PIWorks.csproj", "{9A337D09-18EC-40B2-89E8-9656A89FA060}"
EndProject
Global
	GlobalSection(SolutionConfigurationPlatforms) = preSolution
		Debug|Any CPU = Debug|Any CPU
		Release|Any CPU = Release|Any CPU
	EndGlobalSection
	GlobalSection(ProjectConfigurationPlatforms) = postSolution
		{9A337D09-18EC-40B2-89E8-9656A89FA060}.Debug|Any CPU.ActiveCfg = Debug|Any CPU
		{9A337D09-18EC-40B2-89E8-9656A89FA060}.Debug|Any CPU.Build.0 = Debug|Any CPU
		{9A337D09-18EC-40B2-89E8-9656A89FA060}.Release|Any CPU.ActiveCfg = Release|Any CPU
		{9A337D09-18EC-40B2-89E8-9656A89FA060}.Release|Any CPU.Build.0 = Release|Any CPU
	EndGlobalSection
	GlobalSection(SolutionProperties) = preSolution
		HideSolutionNode = FALSE
	EndGlobalSection
	GlobalSection(ExtensibilityGlobals) = postSolution
		SolutionGuid = {C6223845-8614-4355-A7A2-46288CEBD810}
	EndGlobalSection
EndGlobal
